// !$*UTF8*$!
{
	archiveVersion = 1;
	classes = {
	};
	objectVersion = 55;
	objects = {

/* Begin PBXBuildFile section */
		E887CB0A286B529F00EC196D /* AppDelegate.swift in Sources */ = {isa = PBXBuildFile; fileRef = E887CB09286B529F00EC196D /* AppDelegate.swift */; };
		E887CB0C286B529F00EC196D /* SceneDelegate.swift in Sources */ = {isa = PBXBuildFile; fileRef = E887CB0B286B529F00EC196D /* SceneDelegate.swift */; };
		E887CB0E286B529F00EC196D /* ViewController.swift in Sources */ = {isa = PBXBuildFile; fileRef = E887CB0D286B529F00EC196D /* ViewController.swift */; };
		E887CB11286B529F00EC196D /* Main.storyboard in Resources */ = {isa = PBXBuildFile; fileRef = E887CB0F286B529F00EC196D /* Main.storyboard */; };
		E887CB14286B529F00EC196D /* GitHubPractice.xcdatamodeld in Sources */ = {isa = PBXBuildFile; fileRef = E887CB12286B529F00EC196D /* GitHubPractice.xcdatamodeld */; };
		E887CB16286B52A300EC196D /* Assets.xcassets in Resources */ = {isa = PBXBuildFile; fileRef = E887CB15286B52A300EC196D /* Assets.xcassets */; };
		E887CB19286B52A300EC196D /* LaunchScreen.storyboard in Resources */ = {isa = PBXBuildFile; fileRef = E887CB17286B52A300EC196D /* LaunchScreen.storyboard */; };
		E887CB24286B52A300EC196D /* GitHubPracticeTests.swift in Sources */ = {isa = PBXBuildFile; fileRef = E887CB23286B52A300EC196D /* GitHubPracticeTests.swift */; };
		E887CB2E286B52A300EC196D /* GitHubPracticeUITests.swift in Sources */ = {isa = PBXBuildFile; fileRef = E887CB2D286B52A300EC196D /* GitHubPracticeUITests.swift */; };
		E887CB30286B52A300EC196D /* GitHubPracticeUITestsLaunchTests.swift in Sources */ = {isa = PBXBuildFile; fileRef = E887CB2F286B52A300EC196D /* GitHubPracticeUITestsLaunchTests.swift */; };
/* End PBXBuildFile section */

/* Begin PBXContainerItemProxy section */
		E887CB20286B52A300EC196D /* PBXContainerItemProxy */ = {
			isa = PBXContainerItemProxy;
			containerPortal = E887CAFE286B529F00EC196D /* Project object */;
			proxyType = 1;
			remoteGlobalIDString = E887CB05286B529F00EC196D;
			remoteInfo = GitHubPractice;
		};
		E887CB2A286B52A300EC196D /* PBXContainerItemProxy */ = {
			isa = PBXContainerItemProxy;
			containerPortal = E887CAFE286B529F00EC196D /* Project object */;
			proxyType = 1;
			remoteGlobalIDString = E887CB05286B529F00EC196D;
			remoteInfo = GitHubPractice;
		};
/* End PBXContainerItemProxy section */

/* Begin PBXFileReference section */
		E887CB06286B529F00EC196D /* GitHubPractice.app */ = {isa = PBXFileReference; explicitFileType = wrapper.application; includeInIndex = 0; path = GitHubPractice.app; sourceTree = BUILT_PRODUCTS_DIR; };
		E887CB09286B529F00EC196D /* AppDelegate.swift */ = {isa = PBXFileReference; lastKnownFileType = sourcecode.swift; path = AppDelegate.swift; sourceTree = "<group>"; };
		E887CB0B286B529F00EC196D /* SceneDelegate.swift */ = {isa = PBXFileReference; lastKnownFileType = sourcecode.swift; path = SceneDelegate.swift; sourceTree = "<group>"; };
		E887CB0D286B529F00EC196D /* ViewController.swift */ = {isa = PBXFileReference; lastKnownFileType = sourcecode.swift; path = ViewController.swift; sourceTree = "<group>"; };
		E887CB10286B529F00EC196D /* Base */ = {isa = PBXFileReference; lastKnownFileType = file.storyboard; name = Base; path = Base.lproj/Main.storyboard; sourceTree = "<group>"; };
		E887CB13286B529F00EC196D /* GitHubPractice.xcdatamodel */ = {isa = PBXFileReference; lastKnownFileType = wrapper.xcdatamodel; path = GitHubPractice.xcdatamodel; sourceTree = "<group>"; };
		E887CB15286B52A300EC196D /* Assets.xcassets */ = {isa = PBXFileReference; lastKnownFileType = folder.assetcatalog; path = Assets.xcassets; sourceTree = "<group>"; };
		E887CB18286B52A300EC196D /* Base */ = {isa = PBXFileReference; lastKnownFileType = file.storyboard; name = Base; path = Base.lproj/LaunchScreen.storyboard; sourceTree = "<group>"; };
		E887CB1A286B52A300EC196D /* Info.plist */ = {isa = PBXFileReference; lastKnownFileType = text.plist.xml; path = Info.plist; sourceTree = "<group>"; };
		E887CB1F286B52A300EC196D /* GitHubPracticeTests.xctest */ = {isa = PBXFileReference; explicitFileType = wrapper.cfbundle; includeInIndex = 0; path = GitHubPracticeTests.xctest; sourceTree = BUILT_PRODUCTS_DIR; };
		E887CB23286B52A300EC196D /* GitHubPracticeTests.swift */ = {isa = PBXFileReference; lastKnownFileType = sourcecode.swift; path = GitHubPracticeTests.swift; sourceTree = "<group>"; };
		E887CB29286B52A300EC196D /* GitHubPracticeUITests.xctest */ = {isa = PBXFileReference; explicitFileType = wrapper.cfbundle; includeInIndex = 0; path = GitHubPracticeUITests.xctest; sourceTree = BUILT_PRODUCTS_DIR; };
		E887CB2D286B52A300EC196D /* GitHubPracticeUITests.swift */ = {isa = PBXFileReference; lastKnownFileType = sourcecode.swift; path = GitHubPracticeUITests.swift; sourceTree = "<group>"; };
		E887CB2F286B52A300EC196D /* GitHubPracticeUITestsLaunchTests.swift */ = {isa = PBXFileReference; lastKnownFileType = sourcecode.swift; path = GitHubPracticeUITestsLaunchTests.swift; sourceTree = "<group>"; };
/* End PBXFileReference section */

/* Begin PBXFrameworksBuildPhase section */
		E887CB03286B529F00EC196D /* Frameworks */ = {
			isa = PBXFrameworksBuildPhase;
			buildActionMask = 2147483647;
			files = (
			);
			runOnlyForDeploymentPostprocessing = 0;
		};
		E887CB1C286B52A300EC196D /* Frameworks */ = {
			isa = PBXFrameworksBuildPhase;
			buildActionMask = 2147483647;
			files = (
			);
			runOnlyForDeploymentPostprocessing = 0;
		};
		E887CB26286B52A300EC196D /* Frameworks */ = {
			isa = PBXFrameworksBuildPhase;
			buildActionMask = 2147483647;
			files = (
			);
			runOnlyForDeploymentPostprocessing = 0;
		};
/* End PBXFrameworksBuildPhase section */

/* Begin PBXGroup section */
		E887CAFD286B529F00EC196D = {
			isa = PBXGroup;
			children = (
				E887CB08286B529F00EC196D /* GitHubPractice */,
				E887CB22286B52A300EC196D /* GitHubPracticeTests */,
				E887CB2C286B52A300EC196D /* GitHubPracticeUITests */,
				E887CB07286B529F00EC196D /* Products */,
			);
			sourceTree = "<group>";
		};
		E887CB07286B529F00EC196D /* Products */ = {
			isa = PBXGroup;
			children = (
				E887CB06286B529F00EC196D /* GitHubPractice.app */,
				E887CB1F286B52A300EC196D /* GitHubPracticeTests.xctest */,
				E887CB29286B52A300EC196D /* GitHubPracticeUITests.xctest */,
			);
			name = Products;
			sourceTree = "<group>";
		};
		E887CB08286B529F00EC196D /* GitHubPractice */ = {
			isa = PBXGroup;
			children = (
				E887CB09286B529F00EC196D /* AppDelegate.swift */,
				E887CB0B286B529F00EC196D /* SceneDelegate.swift */,
				E887CB0D286B529F00EC196D /* ViewController.swift */,
				E887CB0F286B529F00EC196D /* Main.storyboard */,
				E887CB15286B52A300EC196D /* Assets.xcassets */,
				E887CB17286B52A300EC196D /* LaunchScreen.storyboard */,
				E887CB1A286B52A300EC196D /* Info.plist */,
				E887CB12286B529F00EC196D /* GitHubPractice.xcdatamodeld */,
			);
			path = GitHubPractice;
			sourceTree = "<group>";
		};
		E887CB22286B52A300EC196D /* GitHubPracticeTests */ = {
			isa = PBXGroup;
			children = (
				E887CB23286B52A300EC196D /* GitHubPracticeTests.swift */,
			);
			path = GitHubPracticeTests;
			sourceTree = "<group>";
		};
		E887CB2C286B52A300EC196D /* GitHubPracticeUITests */ = {
			isa = PBXGroup;
			children = (
				E887CB2D286B52A300EC196D /* GitHubPracticeUITests.swift */,
				E887CB2F286B52A300EC196D /* GitHubPracticeUITestsLaunchTests.swift */,
			);
			path = GitHubPracticeUITests;
			sourceTree = "<group>";
		};
/* End PBXGroup section */

/* Begin PBXNativeTarget section */
		E887CB05286B529F00EC196D /* GitHubPractice */ = {
			isa = PBXNativeTarget;
			buildConfigurationList = E887CB33286B52A300EC196D /* Build configuration list for PBXNativeTarget "GitHubPractice" */;
			buildPhases = (
				E887CB02286B529F00EC196D /* Sources */,
				E887CB03286B529F00EC196D /* Frameworks */,
				E887CB04286B529F00EC196D /* Resources */,
			);
			buildRules = (
			);
			dependencies = (
			);
			name = GitHubPractice;
			productName = GitHubPractice;
			productReference = E887CB06286B529F00EC196D /* GitHubPractice.app */;
			productType = "com.apple.product-type.application";
		};
		E887CB1E286B52A300EC196D /* GitHubPracticeTests */ = {
			isa = PBXNativeTarget;
			buildConfigurationList = E887CB36286B52A300EC196D /* Build configuration list for PBXNativeTarget "GitHubPracticeTests" */;
			buildPhases = (
				E887CB1B286B52A300EC196D /* Sources */,
				E887CB1C286B52A300EC196D /* Frameworks */,
				E887CB1D286B52A300EC196D /* Resources */,
			);
			buildRules = (
			);
			dependencies = (
				E887CB21286B52A300EC196D /* PBXTargetDependency */,
			);
			name = GitHubPracticeTests;
			productName = GitHubPracticeTests;
			productReference = E887CB1F286B52A300EC196D /* GitHubPracticeTests.xctest */;
			productType = "com.apple.product-type.bundle.unit-test";
		};
		E887CB28286B52A300EC196D /* GitHubPracticeUITests */ = {
			isa = PBXNativeTarget;
			buildConfigurationList = E887CB39286B52A300EC196D /* Build configuration list for PBXNativeTarget "GitHubPracticeUITests" */;
			buildPhases = (
				E887CB25286B52A300EC196D /* Sources */,
				E887CB26286B52A300EC196D /* Frameworks */,
				E887CB27286B52A300EC196D /* Resources */,
			);
			buildRules = (
			);
			dependencies = (
				E887CB2B286B52A300EC196D /* PBXTargetDependency */,
			);
			name = GitHubPracticeUITests;
			productName = GitHubPracticeUITests;
			productReference = E887CB29286B52A300EC196D /* GitHubPracticeUITests.xctest */;
			productType = "com.apple.product-type.bundle.ui-testing";
		};
/* End PBXNativeTarget section */

/* Begin PBXProject section */
		E887CAFE286B529F00EC196D /* Project object */ = {
			isa = PBXProject;
			attributes = {
				BuildIndependentTargetsInParallel = 1;
				LastSwiftUpdateCheck = 1340;
				LastUpgradeCheck = 1340;
				TargetAttributes = {
					E887CB05286B529F00EC196D = {
						CreatedOnToolsVersion = 13.4.1;
					};
					E887CB1E286B52A300EC196D = {
						CreatedOnToolsVersion = 13.4.1;
						TestTargetID = E887CB05286B529F00EC196D;
					};
					E887CB28286B52A300EC196D = {
						CreatedOnToolsVersion = 13.4.1;
						TestTargetID = E887CB05286B529F00EC196D;
					};
				};
			};
			buildConfigurationList = E887CB01286B529F00EC196D /* Build configuration list for PBXProject "GitHubPractice" */;
			compatibilityVersion = "Xcode 13.0";
			developmentRegion = en;
			hasScannedForEncodings = 0;
			knownRegions = (
				en,
				Base,
			);
			mainGroup = E887CAFD286B529F00EC196D;
			productRefGroup = E887CB07286B529F00EC196D /* Products */;
			projectDirPath = "";
			projectRoot = "";
			targets = (
				E887CB05286B529F00EC196D /* GitHubPractice */,
				E887CB1E286B52A300EC196D /* GitHubPracticeTests */,
				E887CB28286B52A300EC196D /* GitHubPracticeUITests */,
			);
		};
/* End PBXProject section */

/* Begin PBXResourcesBuildPhase section */
		E887CB04286B529F00EC196D /* Resources */ = {
			isa = PBXResourcesBuildPhase;
			buildActionMask = 2147483647;
			files = (
				E887CB19286B52A300EC196D /* LaunchScreen.storyboard in Resources */,
				E887CB16286B52A300EC196D /* Assets.xcassets in Resources */,
				E887CB11286B529F00EC196D /* Main.storyboard in Resources */,
			);
			runOnlyForDeploymentPostprocessing = 0;
		};
		E887CB1D286B52A300EC196D /* Resources */ = {
			isa = PBXResourcesBuildPhase;
			buildActionMask = 2147483647;
			files = (
			);
			runOnlyForDeploymentPostprocessing = 0;
		};
		E887CB27286B52A300EC196D /* Resources */ = {
			isa = PBXResourcesBuildPhase;
			buildActionMask = 2147483647;
			files = (
			);
			runOnlyForDeploymentPostprocessing = 0;
		};
/* End PBXResourcesBuildPhase section */

/* Begin PBXSourcesBuildPhase section */
		E887CB02286B529F00EC196D /* Sources */ = {
			isa = PBXSourcesBuildPhase;
			buildActionMask = 2147483647;
			files = (
				E887CB0E286B529F00EC196D /* ViewController.swift in Sources */,
				E887CB14286B529F00EC196D /* GitHubPractice.xcdatamodeld in Sources */,
				E887CB0A286B529F00EC196D /* AppDelegate.swift in Sources */,
				E887CB0C286B529F00EC196D /* SceneDelegate.swift in Sources */,
			);
			runOnlyForDeploymentPostprocessing = 0;
		};
		E887CB1B286B52A300EC196D /* Sources */ = {
			isa = PBXSourcesBuildPhase;
			buildActionMask = 2147483647;
			files = (
				E887CB24286B52A300EC196D /* GitHubPracticeTests.swift in Sources */,
			);
			runOnlyForDeploymentPostprocessing = 0;
		};
		E887CB25286B52A300EC196D /* Sources */ = {
			isa = PBXSourcesBuildPhase;
			buildActionMask = 2147483647;
			files = (
				E887CB30286B52A300EC196D /* GitHubPracticeUITestsLaunchTests.swift in Sources */,
				E887CB2E286B52A300EC196D /* GitHubPracticeUITests.swift in Sources */,
			);
			runOnlyForDeploymentPostprocessing = 0;
		};
/* End PBXSourcesBuildPhase section */

/* Begin PBXTargetDependency section */
		E887CB21286B52A300EC196D /* PBXTargetDependency */ = {
			isa = PBXTargetDependency;
			target = E887CB05286B529F00EC196D /* GitHubPractice */;
			targetProxy = E887CB20286B52A300EC196D /* PBXContainerItemProxy */;
		};
		E887CB2B286B52A300EC196D /* PBXTargetDependency */ = {
			isa = PBXTargetDependency;
			target = E887CB05286B529F00EC196D /* GitHubPractice */;
			targetProxy = E887CB2A286B52A300EC196D /* PBXContainerItemProxy */;
		};
/* End PBXTargetDependency section */

/* Begin PBXVariantGroup section */
		E887CB0F286B529F00EC196D /* Main.storyboard */ = {
			isa = PBXVariantGroup;
			children = (
				E887CB10286B529F00EC196D /* Base */,
			);
			name = Main.storyboard;
			sourceTree = "<group>";
		};
		E887CB17286B52A300EC196D /* LaunchScreen.storyboard */ = {
			isa = PBXVariantGroup;
			children = (
				E887CB18286B52A300EC196D /* Base */,
			);
			name = LaunchScreen.storyboard;
			sourceTree = "<group>";
		};
/* End PBXVariantGroup section */

/* Begin XCBuildConfiguration section */
		E887CB31286B52A300EC196D /* Debug */ = {
			isa = XCBuildConfiguration;
			buildSettings = {
				ALWAYS_SEARCH_USER_PATHS = NO;
				CLANG_ANALYZER_NONNULL = YES;
				CLANG_ANALYZER_NUMBER_OBJECT_CONVERSION = YES_AGGRESSIVE;
				CLANG_CXX_LANGUAGE_STANDARD = "gnu++17";
				CLANG_ENABLE_MODULES = YES;
				CLANG_ENABLE_OBJC_ARC = YES;
				CLANG_ENABLE_OBJC_WEAK = YES;
				CLANG_WARN_BLOCK_CAPTURE_AUTORELEASING = YES;
				CLANG_WARN_BOOL_CONVERSION = YES;
				CLANG_WARN_COMMA = YES;
				CLANG_WARN_CONSTANT_CONVERSION = YES;
				CLANG_WARN_DEPRECATED_OBJC_IMPLEMENTATIONS = YES;
				CLANG_WARN_DIRECT_OBJC_ISA_USAGE = YES_ERROR;
				CLANG_WARN_DOCUMENTATION_COMMENTS = YES;
				CLANG_WARN_EMPTY_BODY = YES;
				CLANG_WARN_ENUM_CONVERSION = YES;
				CLANG_WARN_INFINITE_RECURSION = YES;
				CLANG_WARN_INT_CONVERSION = YES;
				CLANG_WARN_NON_LITERAL_NULL_CONVERSION = YES;
				CLANG_WARN_OBJC_IMPLICIT_RETAIN_SELF = YES;
				CLANG_WARN_OBJC_LITERAL_CONVERSION = YES;
				CLANG_WARN_OBJC_ROOT_CLASS = YES_ERROR;
				CLANG_WARN_QUOTED_INCLUDE_IN_FRAMEWORK_HEADER = YES;
				CLANG_WARN_RANGE_LOOP_ANALYSIS = YES;
				CLANG_WARN_STRICT_PROTOTYPES = YES;
				CLANG_WARN_SUSPICIOUS_MOVE = YES;
				CLANG_WARN_UNGUARDED_AVAILABILITY = YES_AGGRESSIVE;
				CLANG_WARN_UNREACHABLE_CODE = YES;
				CLANG_WARN__DUPLICATE_METHOD_MATCH = YES;
				COPY_PHASE_STRIP = NO;
				DEBUG_INFORMATION_FORMAT = dwarf;
				ENABLE_STRICT_OBJC_MSGSEND = YES;
				ENABLE_TESTABILITY = YES;
				GCC_C_LANGUAGE_STANDARD = gnu11;
				GCC_DYNAMIC_NO_PIC = NO;
				GCC_NO_COMMON_BLOCKS = YES;
				GCC_OPTIMIZATION_LEVEL = 0;
				GCC_PREPROCESSOR_DEFINITIONS = (
					"DEBUG=1",
					"$(inherited)",
				);
				GCC_WARN_64_TO_32_BIT_CONVERSION = YES;
				GCC_WARN_ABOUT_RETURN_TYPE = YES_ERROR;
				GCC_WARN_UNDECLARED_SELECTOR = YES;
				GCC_WARN_UNINITIALIZED_AUTOS = YES_AGGRESSIVE;
				GCC_WARN_UNUSED_FUNCTION = YES;
				GCC_WARN_UNUSED_VARIABLE = YES;
				IPHONEOS_DEPLOYMENT_TARGET = 15.5;
				MTL_ENABLE_DEBUG_INFO = INCLUDE_SOURCE;
				MTL_FAST_MATH = YES;
				ONLY_ACTIVE_ARCH = YES;
				SDKROOT = iphoneos;
				SWIFT_ACTIVE_COMPILATION_CONDITIONS = DEBUG;
				SWIFT_OPTIMIZATION_LEVEL = "-Onone";
			};
			name = Debug;
		};
		E887CB32286B52A300EC196D /* Release */ = {
			isa = XCBuildConfiguration;
			buildSettings = {
				ALWAYS_SEARCH_USER_PATHS = NO;
				CLANG_ANALYZER_NONNULL = YES;
				CLANG_ANALYZER_NUMBER_OBJECT_CONVERSION = YES_AGGRESSIVE;
				CLANG_CXX_LANGUAGE_STANDARD = "gnu++17";
				CLANG_ENABLE_MODULES = YES;
				CLANG_ENABLE_OBJC_ARC = YES;
				CLANG_ENABLE_OBJC_WEAK = YES;
				CLANG_WARN_BLOCK_CAPTURE_AUTORELEASING = YES;
				CLANG_WARN_BOOL_CONVERSION = YES;
				CLANG_WARN_COMMA = YES;
				CLANG_WARN_CONSTANT_CONVERSION = YES;
				CLANG_WARN_DEPRECATED_OBJC_IMPLEMENTATIONS = YES;
				CLANG_WARN_DIRECT_OBJC_ISA_USAGE = YES_ERROR;
				CLANG_WARN_DOCUMENTATION_COMMENTS = YES;
				CLANG_WARN_EMPTY_BODY = YES;
				CLANG_WARN_ENUM_CONVERSION = YES;
				CLANG_WARN_INFINITE_RECURSION = YES;
				CLANG_WARN_INT_CONVERSION = YES;
				CLANG_WARN_NON_LITERAL_NULL_CONVERSION = YES;
				CLANG_WARN_OBJC_IMPLICIT_RETAIN_SELF = YES;
				CLANG_WARN_OBJC_LITERAL_CONVERSION = YES;
				CLANG_WARN_OBJC_ROOT_CLASS = YES_ERROR;
				CLANG_WARN_QUOTED_INCLUDE_IN_FRAMEWORK_HEADER = YES;
				CLANG_WARN_RANGE_LOOP_ANALYSIS = YES;
				CLANG_WARN_STRICT_PROTOTYPES = YES;
				CLANG_WARN_SUSPICIOUS_MOVE = YES;
				CLANG_WARN_UNGUARDED_AVAILABILITY = YES_AGGRESSIVE;
				CLANG_WARN_UNREACHABLE_CODE = YES;
				CLANG_WARN__DUPLICATE_METHOD_MATCH = YES;
				COPY_PHASE_STRIP = NO;
				DEBUG_INFORMATION_FORMAT = "dwarf-with-dsym";
				ENABLE_NS_ASSERTIONS = NO;
				ENABLE_STRICT_OBJC_MSGSEND = YES;
				GCC_C_LANGUAGE_STANDARD = gnu11;
				GCC_NO_COMMON_BLOCKS = YES;
				GCC_WARN_64_TO_32_BIT_CONVERSION = YES;
				GCC_WARN_ABOUT_RETURN_TYPE = YES_ERROR;
				GCC_WARN_UNDECLARED_SELECTOR = YES;
				GCC_WARN_UNINITIALIZED_AUTOS = YES_AGGRESSIVE;
				GCC_WARN_UNUSED_FUNCTION = YES;
				GCC_WARN_UNUSED_VARIABLE = YES;
				IPHONEOS_DEPLOYMENT_TARGET = 15.5;
				MTL_ENABLE_DEBUG_INFO = NO;
				MTL_FAST_MATH = YES;
				SDKROOT = iphoneos;
				SWIFT_COMPILATION_MODE = wholemodule;
				SWIFT_OPTIMIZATION_LEVEL = "-O";
				VALIDATE_PRODUCT = YES;
			};
			name = Release;
		};
		E887CB34286B52A300EC196D /* Debug */ = {
			isa = XCBuildConfiguration;
			buildSettings = {
				ASSETCATALOG_COMPILER_APPICON_NAME = AppIcon;
				ASSETCATALOG_COMPILER_GLOBAL_ACCENT_COLOR_NAME = AccentColor;
				CODE_SIGN_STYLE = Automatic;
				CURRENT_PROJECT_VERSION = 1;
				GENERATE_INFOPLIST_FILE = YES;
				INFOPLIST_FILE = GitHubPractice/Info.plist;
				INFOPLIST_KEY_UIApplicationSupportsIndirectInputEvents = YES;
				INFOPLIST_KEY_UILaunchStoryboardName = LaunchScreen;
				INFOPLIST_KEY_UIMainStoryboardFile = Main;
				INFOPLIST_KEY_UISupportedInterfaceOrientations_iPad = "UIInterfaceOrientationPortrait UIInterfaceOrientationPortraitUpsideDown UIInterfaceOrientationLandscapeLeft UIInterfaceOrientationLandscapeRight";
				INFOPLIST_KEY_UISupportedInterfaceOrientations_iPhone = "UIInterfaceOrientationPortrait UIInterfaceOrientationLandscapeLeft UIInterfaceOrientationLandscapeRight";
				LD_RUNPATH_SEARCH_PATHS = (
					"$(inherited)",
					"@executable_path/Frameworks",
				);
				MARKETING_VERSION = 1.0;
				PRODUCT_BUNDLE_IDENTIFIER = SyncRM.GitHubPractice;
				PRODUCT_NAME = "$(TARGET_NAME)";
				SWIFT_EMIT_LOC_STRINGS = YES;
				SWIFT_VERSION = 5.0;
				TARGETED_DEVICE_FAMILY = "1,2";
			};
			name = Debug;
		};
		E887CB35286B52A300EC196D /* Release */ = {
			isa = XCBuildConfiguration;
			buildSettings = {
				ASSETCATALOG_COMPILER_APPICON_NAME = AppIcon;
				ASSETCATALOG_COMPILER_GLOBAL_ACCENT_COLOR_NAME = AccentColor;
				CODE_SIGN_STYLE = Automatic;
				CURRENT_PROJECT_VERSION = 1;
				GENERATE_INFOPLIST_FILE = YES;
				INFOPLIST_FILE = GitHubPractice/Info.plist;
				INFOPLIST_KEY_UIApplicationSupportsIndirectInputEvents = YES;
				INFOPLIST_KEY_UILaunchStoryboardName = LaunchScreen;
				INFOPLIST_KEY_UIMainStoryboardFile = Main;
				INFOPLIST_KEY_UISupportedInterfaceOrientations_iPad = "UIInterfaceOrientationPortrait UIInterfaceOrientationPortraitUpsideDown UIInterfaceOrientationLandscapeLeft UIInterfaceOrientationLandscapeRight";
				INFOPLIST_KEY_UISupportedInterfaceOrientations_iPhone = "UIInterfaceOrientationPortrait UIInterfaceOrientationLandscapeLeft UIInterfaceOrientationLandscapeRight";
				LD_RUNPATH_SEARCH_PATHS = (
					"$(inherited)",
					"@executable_path/Frameworks",
				);
				MARKETING_VERSION = 1.0;
				PRODUCT_BUNDLE_IDENTIFIER = SyncRM.GitHubPractice;
				PRODUCT_NAME = "$(TARGET_NAME)";
				SWIFT_EMIT_LOC_STRINGS = YES;
				SWIFT_VERSION = 5.0;
				TARGETED_DEVICE_FAMILY = "1,2";
			};
			name = Release;
		};
		E887CB37286B52A300EC196D /* Debug */ = {
			isa = XCBuildConfiguration;
			buildSettings = {
				ALWAYS_EMBED_SWIFT_STANDARD_LIBRARIES = YES;
				BUNDLE_LOADER = "$(TEST_HOST)";
				CODE_SIGN_STYLE = Automatic;
				CURRENT_PROJECT_VERSION = 1;
				GENERATE_INFOPLIST_FILE = YES;
				IPHONEOS_DEPLOYMENT_TARGET = 15.5;
				MARKETING_VERSION = 1.0;
				PRODUCT_BUNDLE_IDENTIFIER = SyncRM.GitHubPracticeTests;
				PRODUCT_NAME = "$(TARGET_NAME)";
				SWIFT_EMIT_LOC_STRINGS = NO;
				SWIFT_VERSION = 5.0;
				TARGETED_DEVICE_FAMILY = "1,2";
				TEST_HOST = "$(BUILT_PRODUCTS_DIR)/GitHubPractice.app/GitHubPractice";
			};
			name = Debug;
		};
		E887CB38286B52A300EC196D /* Release */ = {
			isa = XCBuildConfiguration;
			buildSettings = {
				ALWAYS_EMBED_SWIFT_STANDARD_LIBRARIES = YES;
				BUNDLE_LOADER = "$(TEST_HOST)";
				CODE_SIGN_STYLE = Automatic;
				CURRENT_PROJECT_VERSION = 1;
				GENERATE_INFOPLIST_FILE = YES;
				IPHONEOS_DEPLOYMENT_TARGET = 15.5;
				MARKETING_VERSION = 1.0;
				PRODUCT_BUNDLE_IDENTIFIER = SyncRM.GitHubPracticeTests;
				PRODUCT_NAME = "$(TARGET_NAME)";
				SWIFT_EMIT_LOC_STRINGS = NO;
				SWIFT_VERSION = 5.0;
				TARGETED_DEVICE_FAMILY = "1,2";
				TEST_HOST = "$(BUILT_PRODUCTS_DIR)/GitHubPractice.app/GitHubPractice";
			};
			name = Release;
		};
		E887CB3A286B52A300EC196D /* Debug */ = {
			isa = XCBuildConfiguration;
			buildSettings = {
				ALWAYS_EMBED_SWIFT_STANDARD_LIBRARIES = YES;
				CODE_SIGN_STYLE = Automatic;
				CURRENT_PROJECT_VERSION = 1;
				GENERATE_INFOPLIST_FILE = YES;
				MARKETING_VERSION = 1.0;
				PRODUCT_BUNDLE_IDENTIFIER = SyncRM.GitHubPracticeUITests;
				PRODUCT_NAME = "$(TARGET_NAME)";
				SWIFT_EMIT_LOC_STRINGS = NO;
				SWIFT_VERSION = 5.0;
				TARGETED_DEVICE_FAMILY = "1,2";
				TEST_TARGET_NAME = GitHubPractice;
			};
			name = Debug;
		};
		E887CB3B286B52A300EC196D /* Release */ = {
			isa = XCBuildConfiguration;
			buildSettings = {
				ALWAYS_EMBED_SWIFT_STANDARD_LIBRARIES = YES;
				CODE_SIGN_STYLE = Automatic;
				CURRENT_PROJECT_VERSION = 1;
				GENERATE_INFOPLIST_FILE = YES;
				MARKETING_VERSION = 1.0;
				PRODUCT_BUNDLE_IDENTIFIER = SyncRM.GitHubPracticeUITests;
				PRODUCT_NAME = "$(TARGET_NAME)";
				SWIFT_EMIT_LOC_STRINGS = NO;
				SWIFT_VERSION = 5.0;
				TARGETED_DEVICE_FAMILY = "1,2";
				TEST_TARGET_NAME = GitHubPractice;
			};
			name = Release;
		};
/* End XCBuildConfiguration section */

/* Begin XCConfigurationList section */
		E887CB01286B529F00EC196D /* Build configuration list for PBXProject "GitHubPractice" */ = {
			isa = XCConfigurationList;
			buildConfigurations = (
				E887CB31286B52A300EC196D /* Debug */,
				E887CB32286B52A300EC196D /* Release */,
			);
			defaultConfigurationIsVisible = 0;
			defaultConfigurationName = Release;
		};
		E887CB33286B52A300EC196D /* Build configuration list for PBXNativeTarget "GitHubPractice" */ = {
			isa = XCConfigurationList;
			buildConfigurations = (
				E887CB34286B52A300EC196D /* Debug */,
				E887CB35286B52A300EC196D /* Release */,
			);
			defaultConfigurationIsVisible = 0;
			defaultConfigurationName = Release;
		};
		E887CB36286B52A300EC196D /* Build configuration list for PBXNativeTarget "GitHubPracticeTests" */ = {
			isa = XCConfigurationList;
			buildConfigurations = (
				E887CB37286B52A300EC196D /* Debug */,
				E887CB38286B52A300EC196D /* Release */,
			);
			defaultConfigurationIsVisible = 0;
			defaultConfigurationName = Release;
		};
		E887CB39286B52A300EC196D /* Build configuration list for PBXNativeTarget "GitHubPracticeUITests" */ = {
			isa = XCConfigurationList;
			buildConfigurations = (
				E887CB3A286B52A300EC196D /* Debug */,
				E887CB3B286B52A300EC196D /* Release */,
			);
			defaultConfigurationIsVisible = 0;
			defaultConfigurationName = Release;
		};
/* End XCConfigurationList section */

/* Begin XCVersionGroup section */
		E887CB12286B529F00EC196D /* GitHubPractice.xcdatamodeld */ = {
			isa = XCVersionGroup;
			children = (
				E887CB13286B529F00EC196D /* GitHubPractice.xcdatamodel */,
			);
			currentVersion = E887CB13286B529F00EC196D /* GitHubPractice.xcdatamodel */;
			path = GitHubPractice.xcdatamodeld;
			sourceTree = "<group>";
			versionGroupType = wrapper.xcdatamodel;
		};
/* End XCVersionGroup section */
	};
	rootObject = E887CAFE286B529F00EC196D /* Project object */;
}
